
Microsoft Visual Studio Solution File, Format Version 12.00
# Visual Studio Version 17
VisualStudioVersion = 17.0.31919.166
MinimumVisualStudioVersion = 10.0.40219.1
Project("{FAE04EC0-301F-11D3-BF4B-00C04F79EFBC}") = "Library", "Library.csproj", "{CC1F0CB7-B5D0-44DA-83DC-A97BDC3B0F9C}"
EndProject
Global
	GlobalSection(SolutionConfigurationPlatforms) = preSolution
		Debug|Any CPU = Debug|Any CPU
		Release|Any CPU = Release|Any CPU
	EndGlobalSection
	GlobalSection(ProjectConfigurationPlatforms) = postSolution
		{CC1F0CB7-B5D0-44DA-83DC-A97BDC3B0F9C}.Debug|Any CPU.ActiveCfg = Debug|Any CPU
		{CC1F0CB7-B5D0-44DA-83DC-A97BDC3B0F9C}.Debug|Any CPU.Build.0 = Debug|Any CPU
		{CC1F0CB7-B5D0-44DA-83DC-A97BDC3B0F9C}.Release|Any CPU.ActiveCfg = Release|Any CPU
		{CC1F0CB7-B5D0-44DA-83DC-A97BDC3B0F9C}.Release|Any CPU.Build.0 = Release|Any CPU
	EndGlobalSection
	GlobalSection(SolutionProperties) = preSolution
		HideSolutionNode = FALSE
	EndGlobalSection
	GlobalSection(ExtensibilityGlobals) = postSolution
		SolutionGuid = {4F889754-A0BA-4F7E-9C19-0BAA207A7B24}
	EndGlobalSection
EndGlobal
